
Microsoft Visual Studio Solution File, Format Version 12.00
# Visual Studio Version 17
VisualStudioVersion = 17.0.31903.59
MinimumVisualStudioVersion = 10.0.40219.1
Project("{FAE04EC0-301F-11D3-BF4B-00C04F79EFBC}") = "MiniChain.Core", "MiniChain-Core\MiniChain.Core.csproj", "{E828973D-8D87-4A00-862A-1C48DB9200DB}"
EndProject
Project("{FAE04EC0-301F-11D3-BF4B-00C04F79EFBC}") = "MiniChain.Cli", "MiniChain-Cli\MiniChain.Cli.csproj", "{064A055A-C261-47C5-8A5A-4C446EDA0E80}"
EndProject
Project("{FAE04EC0-301F-11D3-BF4B-00C04F79EFBC}") = "MiniChain.Tests", "MiniChain-Tests\MiniChain.Tests.csproj", "{20DB5A7C-8E73-4608-8451-5146E32D9E85}"
EndProject
Global
	GlobalSection(SolutionConfigurationPlatforms) = preSolution
		Debug|Any CPU = Debug|Any CPU
		Debug|x64 = Debug|x64
		Debug|x86 = Debug|x86
		Release|Any CPU = Release|Any CPU
		Release|x64 = Release|x64
		Release|x86 = Release|x86
	EndGlobalSection
	GlobalSection(ProjectConfigurationPlatforms) = postSolution
		{E828973D-8D87-4A00-862A-1C48DB9200DB}.Debug|Any CPU.ActiveCfg = Debug|Any CPU
		{E828973D-8D87-4A00-862A-1C48DB9200DB}.Debug|Any CPU.Build.0 = Debug|Any CPU
		{E828973D-8D87-4A00-862A-1C48DB9200DB}.Debug|x64.ActiveCfg = Debug|Any CPU
		{E828973D-8D87-4A00-862A-1C48DB9200DB}.Debug|x64.Build.0 = Debug|Any CPU
		{E828973D-8D87-4A00-862A-1C48DB9200DB}.Debug|x86.ActiveCfg = Debug|Any CPU
		{E828973D-8D87-4A00-862A-1C48DB9200DB}.Debug|x86.Build.0 = Debug|Any CPU
		{E828973D-8D87-4A00-862A-1C48DB9200DB}.Release|Any CPU.ActiveCfg = Release|Any CPU
		{E828973D-8D87-4A00-862A-1C48DB9200DB}.Release|Any CPU.Build.0 = Release|Any CPU
		{E828973D-8D87-4A00-862A-1C48DB9200DB}.Release|x64.ActiveCfg = Release|Any CPU
		{E828973D-8D87-4A00-862A-1C48DB9200DB}.Release|x64.Build.0 = Release|Any CPU
		{E828973D-8D87-4A00-862A-1C48DB9200DB}.Release|x86.ActiveCfg = Release|Any CPU
		{E828973D-8D87-4A00-862A-1C48DB9200DB}.Release|x86.Build.0 = Release|Any CPU
		{064A055A-C261-47C5-8A5A-4C446EDA0E80}.Debug|Any CPU.ActiveCfg = Debug|Any CPU
		{064A055A-C261-47C5-8A5A-4C446EDA0E80}.Debug|Any CPU.Build.0 = Debug|Any CPU
		{064A055A-C261-47C5-8A5A-4C446EDA0E80}.Debug|x64.ActiveCfg = Debug|Any CPU
		{064A055A-C261-47C5-8A5A-4C446EDA0E80}.Debug|x64.Build.0 = Debug|Any CPU
		{064A055A-C261-47C5-8A5A-4C446EDA0E80}.Debug|x86.ActiveCfg = Debug|Any CPU
		{064A055A-C261-47C5-8A5A-4C446EDA0E80}.Debug|x86.Build.0 = Debug|Any CPU
		{064A055A-C261-47C5-8A5A-4C446EDA0E80}.Release|Any CPU.ActiveCfg = Release|Any CPU
		{064A055A-C261-47C5-8A5A-4C446EDA0E80}.Release|Any CPU.Build.0 = Release|Any CPU
		{064A055A-C261-47C5-8A5A-4C446EDA0E80}.Release|x64.ActiveCfg = Release|Any CPU
		{064A055A-C261-47C5-8A5A-4C446EDA0E80}.Release|x64.Build.0 = Release|Any CPU
		{064A055A-C261-47C5-8A5A-4C446EDA0E80}.Release|x86.ActiveCfg = Release|Any CPU
		{064A055A-C261-47C5-8A5A-4C446EDA0E80}.Release|x86.Build.0 = Release|Any CPU
		{20DB5A7C-8E73-4608-8451-5146E32D9E85}.Debug|Any CPU.ActiveCfg = Debug|Any CPU
		{20DB5A7C-8E73-4608-8451-5146E32D9E85}.Debug|Any CPU.Build.0 = Debug|Any CPU
		{20DB5A7C-8E73-4608-8451-5146E32D9E85}.Debug|x64.ActiveCfg = Debug|Any CPU
		{20DB5A7C-8E73-4608-8451-5146E32D9E85}.Debug|x64.Build.0 = Debug|Any CPU
		{20DB5A7C-8E73-4608-8451-5146E32D9E85}.Debug|x86.ActiveCfg = Debug|Any CPU
		{20DB5A7C-8E73-4608-8451-5146E32D9E85}.Debug|x86.Build.0 = Debug|Any CPU
		{20DB5A7C-8E73-4608-8451-5146E32D9E85}.Release|Any CPU.ActiveCfg = Release|Any CPU
		{20DB5A7C-8E73-4608-8451-5146E32D9E85}.Release|Any CPU.Build.0 = Release|Any CPU
		{20DB5A7C-8E73-4608-8451-5146E32D9E85}.Release|x64.ActiveCfg = Release|Any CPU
		{20DB5A7C-8E73-4608-8451-5146E32D9E85}.Release|x64.Build.0 = Release|Any CPU
		{20DB5A7C-8E73-4608-8451-5146E32D9E85}.Release|x86.ActiveCfg = Release|Any CPU
		{20DB5A7C-8E73-4608-8451-5146E32D9E85}.Release|x86.Build.0 = Release|Any CPU
	EndGlobalSection
	GlobalSection(SolutionProperties) = preSolution
		HideSolutionNode = FALSE
	EndGlobalSection
EndGlobal
